# This file is autogenerated, do not edit; changes may be undone by the next 'dep ensure'.


[[projects]]
  branch = "master"
  name = "github.com/atotto/clipboard"
  packages = ["."]
  revision = "5e2c7bddca04488284428a201e4a15615f7a5074"

[[projects]]
  branch = "master"
  name = "github.com/jcmuller/dmenu"
  packages = ["."]
  revision = "c0a364c94ff5f32fa2822f04069958d1916709d0"

[[projects]]
  name = "gopkg.in/yaml.v2"
  packages = ["."]
  revision = "5420a8b6744d3b0345ab293f6fcba19c978f1183"
  version = "v2.2.1"

[solve-meta]
  analyzer-name = "dep"
  analyzer-version = 1
  inputs-digest = "56904a2c6aa8626245820e04159fd71781c6c63c1239cb59428f98249ae2d85f"
  solver-name = "gps-cdcl"
  solver-version = 1
